// !$*UTF8*$!
{
	archiveVersion = 1;
	classes = {
	};
	objectVersion = 56;
	objects = {

/* Begin PBXBuildFile section */
		562F901D2AF61D780081296D /* AppDelegate.swift in Sources */ = {isa = PBXBuildFile; fileRef = 562F901C2AF61D780081296D /* AppDelegate.swift */; };
		562F901F2AF61D780081296D /* SceneDelegate.swift in Sources */ = {isa = PBXBuildFile; fileRef = 562F901E2AF61D780081296D /* SceneDelegate.swift */; };
		562F90262AF61D780081296D /* Assets.xcassets in Resources */ = {isa = PBXBuildFile; fileRef = 562F90252AF61D780081296D /* Assets.xcassets */; };
		562F90292AF61D780081296D /* LaunchScreen.storyboard in Resources */ = {isa = PBXBuildFile; fileRef = 562F90272AF61D780081296D /* LaunchScreen.storyboard */; };
		56332A7C2AF62B2500D2C07D /* ChatDetail in Frameworks */ = {isa = PBXBuildFile; productRef = 56332A7B2AF62B2500D2C07D /* ChatDetail */; };
		56332A7E2AF62B2500D2C07D /* ChatList in Frameworks */ = {isa = PBXBuildFile; productRef = 56332A7D2AF62B2500D2C07D /* ChatList */; };
		56D010152B1500C000B1555B /* ChatCoordinator.swift in Sources */ = {isa = PBXBuildFile; fileRef = 56D010142B1500C000B1555B /* ChatCoordinator.swift */; };
/* End PBXBuildFile section */

/* Begin PBXFileReference section */
		562F90192AF61D780081296D /* EmotionChatBot.app */ = {isa = PBXFileReference; explicitFileType = wrapper.application; includeInIndex = 0; path = EmotionChatBot.app; sourceTree = BUILT_PRODUCTS_DIR; };
		562F901C2AF61D780081296D /* AppDelegate.swift */ = {isa = PBXFileReference; lastKnownFileType = sourcecode.swift; path = AppDelegate.swift; sourceTree = "<group>"; };
		562F901E2AF61D780081296D /* SceneDelegate.swift */ = {isa = PBXFileReference; lastKnownFileType = sourcecode.swift; path = SceneDelegate.swift; sourceTree = "<group>"; };
		562F90252AF61D780081296D /* Assets.xcassets */ = {isa = PBXFileReference; lastKnownFileType = folder.assetcatalog; path = Assets.xcassets; sourceTree = "<group>"; };
		562F90282AF61D780081296D /* Base */ = {isa = PBXFileReference; lastKnownFileType = file.storyboard; name = Base; path = Base.lproj/LaunchScreen.storyboard; sourceTree = "<group>"; };
		562F902A2AF61D780081296D /* Info.plist */ = {isa = PBXFileReference; lastKnownFileType = text.plist.xml; path = Info.plist; sourceTree = "<group>"; };
		56332A4C2AF6208000D2C07D /* ChatDetail */ = {isa = PBXFileReference; lastKnownFileType = wrapper; path = ChatDetail; sourceTree = "<group>"; };
		56332A4D2AF6209A00D2C07D /* ChatList */ = {isa = PBXFileReference; lastKnownFileType = wrapper; path = ChatList; sourceTree = "<group>"; };
		56702B982AF630A500437DA2 /* Util */ = {isa = PBXFileReference; lastKnownFileType = wrapper; path = Util; sourceTree = "<group>"; };
		56D010142B1500C000B1555B /* ChatCoordinator.swift */ = {isa = PBXFileReference; lastKnownFileType = sourcecode.swift; path = ChatCoordinator.swift; sourceTree = "<group>"; };
/* End PBXFileReference section */

/* Begin PBXFrameworksBuildPhase section */
		562F90162AF61D780081296D /* Frameworks */ = {
			isa = PBXFrameworksBuildPhase;
			buildActionMask = 2147483647;
			files = (
				56332A7E2AF62B2500D2C07D /* ChatList in Frameworks */,
				56332A7C2AF62B2500D2C07D /* ChatDetail in Frameworks */,
			);
			runOnlyForDeploymentPostprocessing = 0;
		};
/* End PBXFrameworksBuildPhase section */

/* Begin PBXGroup section */
		562F90102AF61D780081296D = {
			isa = PBXGroup;
			children = (
				56702B972AF6305700437DA2 /* Core */,
				562F90302AF61DAB0081296D /* Feature */,
				562F901B2AF61D780081296D /* EmotionChatBot */,
				562F901A2AF61D780081296D /* Products */,
				56332A7A2AF62B2500D2C07D /* Frameworks */,
			);
			sourceTree = "<group>";
		};
		562F901A2AF61D780081296D /* Products */ = {
			isa = PBXGroup;
			children = (
				562F90192AF61D780081296D /* EmotionChatBot.app */,
			);
			name = Products;
			sourceTree = "<group>";
		};
		562F901B2AF61D780081296D /* EmotionChatBot */ = {
			isa = PBXGroup;
			children = (
				562F901C2AF61D780081296D /* AppDelegate.swift */,
				56D010142B1500C000B1555B /* ChatCoordinator.swift */,
				562F901E2AF61D780081296D /* SceneDelegate.swift */,
				562F90252AF61D780081296D /* Assets.xcassets */,
				562F90272AF61D780081296D /* LaunchScreen.storyboard */,
				562F902A2AF61D780081296D /* Info.plist */,
			);
			path = EmotionChatBot;
			sourceTree = "<group>";
		};
		562F90302AF61DAB0081296D /* Feature */ = {
			isa = PBXGroup;
			children = (
				56332A4D2AF6209A00D2C07D /* ChatList */,
				56332A4C2AF6208000D2C07D /* ChatDetail */,
			);
			path = Feature;
			sourceTree = "<group>";
		};
		56332A7A2AF62B2500D2C07D /* Frameworks */ = {
			isa = PBXGroup;
			children = (
			);
			name = Frameworks;
			sourceTree = "<group>";
		};
		56702B972AF6305700437DA2 /* Core */ = {
			isa = PBXGroup;
			children = (
				56702B982AF630A500437DA2 /* Util */,
			);
			path = Core;
			sourceTree = "<group>";
		};
/* End PBXGroup section */

/* Begin PBXNativeTarget section */
		562F90182AF61D780081296D /* EmotionChatBot */ = {
			isa = PBXNativeTarget;
			buildConfigurationList = 562F902D2AF61D780081296D /* Build configuration list for PBXNativeTarget "EmotionChatBot" */;
			buildPhases = (
				562F90152AF61D780081296D /* Sources */,
				562F90162AF61D780081296D /* Frameworks */,
				562F90172AF61D780081296D /* Resources */,
			);
			buildRules = (
			);
			dependencies = (
			);
			name = EmotionChatBot;
			packageProductDependencies = (
				56332A7B2AF62B2500D2C07D /* ChatDetail */,
				56332A7D2AF62B2500D2C07D /* ChatList */,
			);
			productName = EmotionChatBot;
			productReference = 562F90192AF61D780081296D /* EmotionChatBot.app */;
			productType = "com.apple.product-type.application";
		};
/* End PBXNativeTarget section */

/* Begin PBXProject section */
		562F90112AF61D780081296D /* Project object */ = {
			isa = PBXProject;
			attributes = {
				BuildIndependentTargetsInParallel = 1;
				LastSwiftUpdateCheck = 1430;
				LastUpgradeCheck = 1430;
				TargetAttributes = {
					562F90182AF61D780081296D = {
						CreatedOnToolsVersion = 14.3.1;
					};
				};
			};
			buildConfigurationList = 562F90142AF61D780081296D /* Build configuration list for PBXProject "EmotionChatBot" */;
			compatibilityVersion = "Xcode 14.0";
			developmentRegion = en;
			hasScannedForEncodings = 0;
			knownRegions = (
				en,
				Base,
			);
			mainGroup = 562F90102AF61D780081296D;
			packageReferences = (
			);
			productRefGroup = 562F901A2AF61D780081296D /* Products */;
			projectDirPath = "";
			projectRoot = "";
			targets = (
				562F90182AF61D780081296D /* EmotionChatBot */,
			);
		};
/* End PBXProject section */

/* Begin PBXResourcesBuildPhase section */
		562F90172AF61D780081296D /* Resources */ = {
			isa = PBXResourcesBuildPhase;
			buildActionMask = 2147483647;
			files = (
				562F90292AF61D780081296D /* LaunchScreen.storyboard in Resources */,
				562F90262AF61D780081296D /* Assets.xcassets in Resources */,
			);
			runOnlyForDeploymentPostprocessing = 0;
		};
/* End PBXResourcesBuildPhase section */

/* Begin PBXSourcesBuildPhase section */
		562F90152AF61D780081296D /* Sources */ = {
			isa = PBXSourcesBuildPhase;
			buildActionMask = 2147483647;
			files = (
				562F901D2AF61D780081296D /* AppDelegate.swift in Sources */,
				56D010152B1500C000B1555B /* ChatCoordinator.swift in Sources */,
				562F901F2AF61D780081296D /* SceneDelegate.swift in Sources */,
			);
			runOnlyForDeploymentPostprocessing = 0;
		};
/* End PBXSourcesBuildPhase section */

/* Begin PBXVariantGroup section */
		562F90272AF61D780081296D /* LaunchScreen.storyboard */ = {
			isa = PBXVariantGroup;
			children = (
				562F90282AF61D780081296D /* Base */,
			);
			name = LaunchScreen.storyboard;
			sourceTree = "<group>";
		};
/* End PBXVariantGroup section */

/* Begin XCBuildConfiguration section */
		562F902B2AF61D780081296D /* Debug */ = {
			isa = XCBuildConfiguration;
			buildSettings = {
				ALWAYS_SEARCH_USER_PATHS = NO;
				CLANG_ANALYZER_NONNULL = YES;
				CLANG_ANALYZER_NUMBER_OBJECT_CONVERSION = YES_AGGRESSIVE;
				CLANG_CXX_LANGUAGE_STANDARD = "gnu++20";
				CLANG_ENABLE_MODULES = YES;
				CLANG_ENABLE_OBJC_ARC = YES;
				CLANG_ENABLE_OBJC_WEAK = YES;
				CLANG_WARN_BLOCK_CAPTURE_AUTORELEASING = YES;
				CLANG_WARN_BOOL_CONVERSION = YES;
				CLANG_WARN_COMMA = YES;
				CLANG_WARN_CONSTANT_CONVERSION = YES;
				CLANG_WARN_DEPRECATED_OBJC_IMPLEMENTATIONS = YES;
				CLANG_WARN_DIRECT_OBJC_ISA_USAGE = YES_ERROR;
				CLANG_WARN_DOCUMENTATION_COMMENTS = YES;
				CLANG_WARN_EMPTY_BODY = YES;
				CLANG_WARN_ENUM_CONVERSION = YES;
				CLANG_WARN_INFINITE_RECURSION = YES;
				CLANG_WARN_INT_CONVERSION = YES;
				CLANG_WARN_NON_LITERAL_NULL_CONVERSION = YES;
				CLANG_WARN_OBJC_IMPLICIT_RETAIN_SELF = YES;
				CLANG_WARN_OBJC_LITERAL_CONVERSION = YES;
				CLANG_WARN_OBJC_ROOT_CLASS = YES_ERROR;
				CLANG_WARN_QUOTED_INCLUDE_IN_FRAMEWORK_HEADER = YES;
				CLANG_WARN_RANGE_LOOP_ANALYSIS = YES;
				CLANG_WARN_STRICT_PROTOTYPES = YES;
				CLANG_WARN_SUSPICIOUS_MOVE = YES;
				CLANG_WARN_UNGUARDED_AVAILABILITY = YES_AGGRESSIVE;
				CLANG_WARN_UNREACHABLE_CODE = YES;
				CLANG_WARN__DUPLICATE_METHOD_MATCH = YES;
				COPY_PHASE_STRIP = NO;
				DEBUG_INFORMATION_FORMAT = dwarf;
				ENABLE_STRICT_OBJC_MSGSEND = YES;
				ENABLE_TESTABILITY = YES;
				GCC_C_LANGUAGE_STANDARD = gnu11;
				GCC_DYNAMIC_NO_PIC = NO;
				GCC_NO_COMMON_BLOCKS = YES;
				GCC_OPTIMIZATION_LEVEL = 0;
				GCC_PREPROCESSOR_DEFINITIONS = (
					"DEBUG=1",
					"$(inherited)",
				);
				GCC_WARN_64_TO_32_BIT_CONVERSION = YES;
				GCC_WARN_ABOUT_RETURN_TYPE = YES_ERROR;
				GCC_WARN_UNDECLARED_SELECTOR = YES;
				GCC_WARN_UNINITIALIZED_AUTOS = YES_AGGRESSIVE;
				GCC_WARN_UNUSED_FUNCTION = YES;
				GCC_WARN_UNUSED_VARIABLE = YES;
				IPHONEOS_DEPLOYMENT_TARGET = 16.4;
				MTL_ENABLE_DEBUG_INFO = INCLUDE_SOURCE;
				MTL_FAST_MATH = YES;
				ONLY_ACTIVE_ARCH = YES;
				SDKROOT = iphoneos;
				SWIFT_ACTIVE_COMPILATION_CONDITIONS = DEBUG;
				SWIFT_OPTIMIZATION_LEVEL = "-Onone";
			};
			name = Debug;
		};
		562F902C2AF61D780081296D /* Release */ = {
			isa = XCBuildConfiguration;
			buildSettings = {
				ALWAYS_SEARCH_USER_PATHS = NO;
				CLANG_ANALYZER_NONNULL = YES;
				CLANG_ANALYZER_NUMBER_OBJECT_CONVERSION = YES_AGGRESSIVE;
				CLANG_CXX_LANGUAGE_STANDARD = "gnu++20";
				CLANG_ENABLE_MODULES = YES;
				CLANG_ENABLE_OBJC_ARC = YES;
				CLANG_ENABLE_OBJC_WEAK = YES;
				CLANG_WARN_BLOCK_CAPTURE_AUTORELEASING = YES;
				CLANG_WARN_BOOL_CONVERSION = YES;
				CLANG_WARN_COMMA = YES;
				CLANG_WARN_CONSTANT_CONVERSION = YES;
				CLANG_WARN_DEPRECATED_OBJC_IMPLEMENTATIONS = YES;
				CLANG_WARN_DIRECT_OBJC_ISA_USAGE = YES_ERROR;
				CLANG_WARN_DOCUMENTATION_COMMENTS = YES;
				CLANG_WARN_EMPTY_BODY = YES;
				CLANG_WARN_ENUM_CONVERSION = YES;
				CLANG_WARN_INFINITE_RECURSION = YES;
				CLANG_WARN_INT_CONVERSION = YES;
				CLANG_WARN_NON_LITERAL_NULL_CONVERSION = YES;
				CLANG_WARN_OBJC_IMPLICIT_RETAIN_SELF = YES;
				CLANG_WARN_OBJC_LITERAL_CONVERSION = YES;
				CLANG_WARN_OBJC_ROOT_CLASS = YES_ERROR;
				CLANG_WARN_QUOTED_INCLUDE_IN_FRAMEWORK_HEADER = YES;
				CLANG_WARN_RANGE_LOOP_ANALYSIS = YES;
				CLANG_WARN_STRICT_PROTOTYPES = YES;
				CLANG_WARN_SUSPICIOUS_MOVE = YES;
				CLANG_WARN_UNGUARDED_AVAILABILITY = YES_AGGRESSIVE;
				CLANG_WARN_UNREACHABLE_CODE = YES;
				CLANG_WARN__DUPLICATE_METHOD_MATCH = YES;
				COPY_PHASE_STRIP = NO;
				DEBUG_INFORMATION_FORMAT = "dwarf-with-dsym";
				ENABLE_NS_ASSERTIONS = NO;
				ENABLE_STRICT_OBJC_MSGSEND = YES;
				GCC_C_LANGUAGE_STANDARD = gnu11;
				GCC_NO_COMMON_BLOCKS = YES;
				GCC_WARN_64_TO_32_BIT_CONVERSION = YES;
				GCC_WARN_ABOUT_RETURN_TYPE = YES_ERROR;
				GCC_WARN_UNDECLARED_SELECTOR = YES;
				GCC_WARN_UNINITIALIZED_AUTOS = YES_AGGRESSIVE;
				GCC_WARN_UNUSED_FUNCTION = YES;
				GCC_WARN_UNUSED_VARIABLE = YES;
				IPHONEOS_DEPLOYMENT_TARGET = 16.4;
				MTL_ENABLE_DEBUG_INFO = NO;
				MTL_FAST_MATH = YES;
				SDKROOT = iphoneos;
				SWIFT_COMPILATION_MODE = wholemodule;
				SWIFT_OPTIMIZATION_LEVEL = "-O";
				VALIDATE_PRODUCT = YES;
			};
			name = Release;
		};
		562F902E2AF61D780081296D /* Debug */ = {
			isa = XCBuildConfiguration;
			buildSettings = {
				ASSETCATALOG_COMPILER_APPICON_NAME = AppIcon;
				ASSETCATALOG_COMPILER_GLOBAL_ACCENT_COLOR_NAME = AccentColor;
				CODE_SIGN_STYLE = Automatic;
				CURRENT_PROJECT_VERSION = 1;
				DEVELOPMENT_TEAM = 4NV4Z6BW27;
				GENERATE_INFOPLIST_FILE = YES;
				INFOPLIST_FILE = EmotionChatBot/Info.plist;
				INFOPLIST_KEY_UIApplicationSupportsIndirectInputEvents = YES;
				INFOPLIST_KEY_UILaunchStoryboardName = LaunchScreen;
				INFOPLIST_KEY_UISupportedInterfaceOrientations_iPad = "UIInterfaceOrientationPortrait UIInterfaceOrientationPortraitUpsideDown UIInterfaceOrientationLandscapeLeft UIInterfaceOrientationLandscapeRight";
				INFOPLIST_KEY_UISupportedInterfaceOrientations_iPhone = "UIInterfaceOrientationPortrait UIInterfaceOrientationLandscapeLeft UIInterfaceOrientationLandscapeRight";
				LD_RUNPATH_SEARCH_PATHS = (
					"$(inherited)",
					"@executable_path/Frameworks",
				);
				MARKETING_VERSION = 1.0;
				PRODUCT_BUNDLE_IDENTIFIER = chris.EmotionChatBot;
				PRODUCT_NAME = "$(TARGET_NAME)";
				SWIFT_EMIT_LOC_STRINGS = YES;
				SWIFT_VERSION = 5.0;
				TARGETED_DEVICE_FAMILY = "1,2";
			};
			name = Debug;
		};
		562F902F2AF61D780081296D /* Release */ = {
			isa = XCBuildConfiguration;
			buildSettings = {
				ASSETCATALOG_COMPILER_APPICON_NAME = AppIcon;
				ASSETCATALOG_COMPILER_GLOBAL_ACCENT_COLOR_NAME = AccentColor;
				CODE_SIGN_STYLE = Automatic;
				CURRENT_PROJECT_VERSION = 1;
				DEVELOPMENT_TEAM = 4NV4Z6BW27;
				GENERATE_INFOPLIST_FILE = YES;
				INFOPLIST_FILE = EmotionChatBot/Info.plist;
				INFOPLIST_KEY_UIApplicationSupportsIndirectInputEvents = YES;
				INFOPLIST_KEY_UILaunchStoryboardName = LaunchScreen;
				INFOPLIST_KEY_UISupportedInterfaceOrientations_iPad = "UIInterfaceOrientationPortrait UIInterfaceOrientationPortraitUpsideDown UIInterfaceOrientationLandscapeLeft UIInterfaceOrientationLandscapeRight";
				INFOPLIST_KEY_UISupportedInterfaceOrientations_iPhone = "UIInterfaceOrientationPortrait UIInterfaceOrientationLandscapeLeft UIInterfaceOrientationLandscapeRight";
				LD_RUNPATH_SEARCH_PATHS = (
					"$(inherited)",
					"@executable_path/Frameworks",
				);
				MARKETING_VERSION = 1.0;
				PRODUCT_BUNDLE_IDENTIFIER = chris.EmotionChatBot;
				PRODUCT_NAME = "$(TARGET_NAME)";
				SWIFT_EMIT_LOC_STRINGS = YES;
				SWIFT_VERSION = 5.0;
				TARGETED_DEVICE_FAMILY = "1,2";
			};
			name = Release;
		};
/* End XCBuildConfiguration section */

/* Begin XCConfigurationList section */
		562F90142AF61D780081296D /* Build configuration list for PBXProject "EmotionChatBot" */ = {
			isa = XCConfigurationList;
			buildConfigurations = (
				562F902B2AF61D780081296D /* Debug */,
				562F902C2AF61D780081296D /* Release */,
			);
			defaultConfigurationIsVisible = 0;
			defaultConfigurationName = Release;
		};
		562F902D2AF61D780081296D /* Build configuration list for PBXNativeTarget "EmotionChatBot" */ = {
			isa = XCConfigurationList;
			buildConfigurations = (
				562F902E2AF61D780081296D /* Debug */,
				562F902F2AF61D780081296D /* Release */,
			);
			defaultConfigurationIsVisible = 0;
			defaultConfigurationName = Release;
		};
/* End XCConfigurationList section */

/* Begin XCSwiftPackageProductDependency section */
		56332A7B2AF62B2500D2C07D /* ChatDetail */ = {
			isa = XCSwiftPackageProductDependency;
			productName = ChatDetail;
		};
		56332A7D2AF62B2500D2C07D /* ChatList */ = {
			isa = XCSwiftPackageProductDependency;
			productName = ChatList;
		};
/* End XCSwiftPackageProductDependency section */
	};
	rootObject = 562F90112AF61D780081296D /* Project object */;
}
